
Microsoft Visual Studio Solution File, Format Version 12.00
# Visual Studio Version 17
VisualStudioVersion = 17.10.35027.167
MinimumVisualStudioVersion = 10.0.40219.1
Project("{FAE04EC0-301F-11D3-BF4B-00C04F79EFBC}") = "IsoSec", "IsoSec.csproj", "{915B6913-A8D6-4EBD-A1D5-6724B87A86A6}"
EndProject
Global
	GlobalSection(SolutionConfigurationPlatforms) = preSolution
		Debug|Any CPU = Debug|Any CPU
		Release|Any CPU = Release|Any CPU
	EndGlobalSection
	GlobalSection(ProjectConfigurationPlatforms) = postSolution
		{915B6913-A8D6-4EBD-A1D5-6724B87A86A6}.Debug|Any CPU.ActiveCfg = Debug|Any CPU
		{915B6913-A8D6-4EBD-A1D5-6724B87A86A6}.Debug|Any CPU.Build.0 = Debug|Any CPU
		{915B6913-A8D6-4EBD-A1D5-6724B87A86A6}.Release|Any CPU.ActiveCfg = Release|Any CPU
		{915B6913-A8D6-4EBD-A1D5-6724B87A86A6}.Release|Any CPU.Build.0 = Release|Any CPU
	EndGlobalSection
	GlobalSection(SolutionProperties) = preSolution
		HideSolutionNode = FALSE
	EndGlobalSection
	GlobalSection(ExtensibilityGlobals) = postSolution
		SolutionGuid = {2C2D2479-F71F-40CC-90D6-9A30E8D760B0}
	EndGlobalSection
EndGlobal
